{
  "name": "selector",
  "lockfileVersion": 2,
  "requires": true,
  "packages": {
    "": {
      "dependencies": {
        "ts-pattern": "^3.3.5"
      }
    },
    "node_modules/ts-pattern": {
      "version": "3.3.5",
      "resolved": "https://registry.npmjs.org/ts-pattern/-/ts-pattern-3.3.5.tgz",
      "integrity": "sha512-LD+wFR/RNckk1DrKV0LTH4KIT9wRqnnOjtEf77ovhKcVi8gf83Uf6U7OdywEua6KD9SbHadUdfolayfIUiPxzw=="
    }
  },
  "dependencies": {
    "ts-pattern": {
      "version": "3.3.5",
      "resolved": "https://registry.npmjs.org/ts-pattern/-/ts-pattern-3.3.5.tgz",
      "integrity": "sha512-LD+wFR/RNckk1DrKV0LTH4KIT9wRqnnOjtEf77ovhKcVi8gf83Uf6U7OdywEua6KD9SbHadUdfolayfIUiPxzw=="
    }
  }
}
